// !$*UTF8*$!
{
	archiveVersion = 1;
	classes = {
	};
	objectVersion = 46;
	objects = {

/* Begin PBXBuildFile section */
		C7A5D2BD1D8BC4340079F964 /* AppDelegate.swift in Sources */ = {isa = PBXBuildFile; fileRef = C7A5D2BC1D8BC4340079F964 /* AppDelegate.swift */; };
		C7A5D2BF1D8BC4340079F964 /* ViewController.swift in Sources */ = {isa = PBXBuildFile; fileRef = C7A5D2BE1D8BC4340079F964 /* ViewController.swift */; };
		C7A5D2C21D8BC4340079F964 /* Main.storyboard in Resources */ = {isa = PBXBuildFile; fileRef = C7A5D2C01D8BC4340079F964 /* Main.storyboard */; };
		C7A5D2C41D8BC4340079F964 /* Assets.xcassets in Resources */ = {isa = PBXBuildFile; fileRef = C7A5D2C31D8BC4340079F964 /* Assets.xcassets */; };
		C7A5D2C71D8BC4340079F964 /* LaunchScreen.storyboard in Resources */ = {isa = PBXBuildFile; fileRef = C7A5D2C51D8BC4340079F964 /* LaunchScreen.storyboard */; };
		C7A5D2D21D8BC4340079F964 /* uiWebviewTestTests.swift in Sources */ = {isa = PBXBuildFile; fileRef = C7A5D2D11D8BC4340079F964 /* uiWebviewTestTests.swift */; };
		C7A5D2DD1D8BC4340079F964 /* uiWebviewTestUITests.swift in Sources */ = {isa = PBXBuildFile; fileRef = C7A5D2DC1D8BC4340079F964 /* uiWebviewTestUITests.swift */; };
/* End PBXBuildFile section */

/* Begin PBXContainerItemProxy section */
		C7A5D2CE1D8BC4340079F964 /* PBXContainerItemProxy */ = {
			isa = PBXContainerItemProxy;
			containerPortal = C7A5D2B11D8BC4340079F964 /* Project object */;
			proxyType = 1;
			remoteGlobalIDString = C7A5D2B81D8BC4340079F964;
			remoteInfo = uiWebviewTest;
		};
		C7A5D2D91D8BC4340079F964 /* PBXContainerItemProxy */ = {
			isa = PBXContainerItemProxy;
			containerPortal = C7A5D2B11D8BC4340079F964 /* Project object */;
			proxyType = 1;
			remoteGlobalIDString = C7A5D2B81D8BC4340079F964;
			remoteInfo = uiWebviewTest;
		};
/* End PBXContainerItemProxy section */

/* Begin PBXFileReference section */
		C7A5D2B91D8BC4340079F964 /* uiWebviewTest.app */ = {isa = PBXFileReference; explicitFileType = wrapper.application; includeInIndex = 0; path = uiWebviewTest.app; sourceTree = BUILT_PRODUCTS_DIR; };
		C7A5D2BC1D8BC4340079F964 /* AppDelegate.swift */ = {isa = PBXFileReference; lastKnownFileType = sourcecode.swift; path = AppDelegate.swift; sourceTree = "<group>"; };
		C7A5D2BE1D8BC4340079F964 /* ViewController.swift */ = {isa = PBXFileReference; lastKnownFileType = sourcecode.swift; path = ViewController.swift; sourceTree = "<group>"; };
		C7A5D2C11D8BC4340079F964 /* Base */ = {isa = PBXFileReference; lastKnownFileType = file.storyboard; name = Base; path = Base.lproj/Main.storyboard; sourceTree = "<group>"; };
		C7A5D2C31D8BC4340079F964 /* Assets.xcassets */ = {isa = PBXFileReference; lastKnownFileType = folder.assetcatalog; path = Assets.xcassets; sourceTree = "<group>"; };
		C7A5D2C61D8BC4340079F964 /* Base */ = {isa = PBXFileReference; lastKnownFileType = file.storyboard; name = Base; path = Base.lproj/LaunchScreen.storyboard; sourceTree = "<group>"; };
		C7A5D2C81D8BC4340079F964 /* Info.plist */ = {isa = PBXFileReference; lastKnownFileType = text.plist.xml; path = Info.plist; sourceTree = "<group>"; };
		C7A5D2CD1D8BC4340079F964 /* uiWebviewTestTests.xctest */ = {isa = PBXFileReference; explicitFileType = wrapper.cfbundle; includeInIndex = 0; path = uiWebviewTestTests.xctest; sourceTree = BUILT_PRODUCTS_DIR; };
		C7A5D2D11D8BC4340079F964 /* uiWebviewTestTests.swift */ = {isa = PBXFileReference; lastKnownFileType = sourcecode.swift; path = uiWebviewTestTests.swift; sourceTree = "<group>"; };
		C7A5D2D31D8BC4340079F964 /* Info.plist */ = {isa = PBXFileReference; lastKnownFileType = text.plist.xml; path = Info.plist; sourceTree = "<group>"; };
		C7A5D2D81D8BC4340079F964 /* uiWebviewTestUITests.xctest */ = {isa = PBXFileReference; explicitFileType = wrapper.cfbundle; includeInIndex = 0; path = uiWebviewTestUITests.xctest; sourceTree = BUILT_PRODUCTS_DIR; };
		C7A5D2DC1D8BC4340079F964 /* uiWebviewTestUITests.swift */ = {isa = PBXFileReference; lastKnownFileType = sourcecode.swift; path = uiWebviewTestUITests.swift; sourceTree = "<group>"; };
		C7A5D2DE1D8BC4340079F964 /* Info.plist */ = {isa = PBXFileReference; lastKnownFileType = text.plist.xml; path = Info.plist; sourceTree = "<group>"; };
/* End PBXFileReference section */

/* Begin PBXFrameworksBuildPhase section */
		C7A5D2B61D8BC4340079F964 /* Frameworks */ = {
			isa = PBXFrameworksBuildPhase;
			buildActionMask = 2147483647;
			files = (
			);
			runOnlyForDeploymentPostprocessing = 0;
		};
		C7A5D2CA1D8BC4340079F964 /* Frameworks */ = {
			isa = PBXFrameworksBuildPhase;
			buildActionMask = 2147483647;
			files = (
			);
			runOnlyForDeploymentPostprocessing = 0;
		};
		C7A5D2D51D8BC4340079F964 /* Frameworks */ = {
			isa = PBXFrameworksBuildPhase;
			buildActionMask = 2147483647;
			files = (
			);
			runOnlyForDeploymentPostprocessing = 0;
		};
/* End PBXFrameworksBuildPhase section */

/* Begin PBXGroup section */
		C7A5D2B01D8BC4340079F964 = {
			isa = PBXGroup;
			children = (
				C7A5D2BB1D8BC4340079F964 /* uiWebviewTest */,
				C7A5D2D01D8BC4340079F964 /* uiWebviewTestTests */,
				C7A5D2DB1D8BC4340079F964 /* uiWebviewTestUITests */,
				C7A5D2BA1D8BC4340079F964 /* Products */,
			);
			sourceTree = "<group>";
		};
		C7A5D2BA1D8BC4340079F964 /* Products */ = {
			isa = PBXGroup;
			children = (
				C7A5D2B91D8BC4340079F964 /* uiWebviewTest.app */,
				C7A5D2CD1D8BC4340079F964 /* uiWebviewTestTests.xctest */,
				C7A5D2D81D8BC4340079F964 /* uiWebviewTestUITests.xctest */,
			);
			name = Products;
			sourceTree = "<group>";
		};
		C7A5D2BB1D8BC4340079F964 /* uiWebviewTest */ = {
			isa = PBXGroup;
			children = (
				C7A5D2BC1D8BC4340079F964 /* AppDelegate.swift */,
				C7A5D2BE1D8BC4340079F964 /* ViewController.swift */,
				C7A5D2C01D8BC4340079F964 /* Main.storyboard */,
				C7A5D2C31D8BC4340079F964 /* Assets.xcassets */,
				C7A5D2C51D8BC4340079F964 /* LaunchScreen.storyboard */,
				C7A5D2C81D8BC4340079F964 /* Info.plist */,
			);
			path = uiWebviewTest;
			sourceTree = "<group>";
		};
		C7A5D2D01D8BC4340079F964 /* uiWebviewTestTests */ = {
			isa = PBXGroup;
			children = (
				C7A5D2D11D8BC4340079F964 /* uiWebviewTestTests.swift */,
				C7A5D2D31D8BC4340079F964 /* Info.plist */,
			);
			path = uiWebviewTestTests;
			sourceTree = "<group>";
		};
		C7A5D2DB1D8BC4340079F964 /* uiWebviewTestUITests */ = {
			isa = PBXGroup;
			children = (
				C7A5D2DC1D8BC4340079F964 /* uiWebviewTestUITests.swift */,
				C7A5D2DE1D8BC4340079F964 /* Info.plist */,
			);
			path = uiWebviewTestUITests;
			sourceTree = "<group>";
		};
/* End PBXGroup section */

/* Begin PBXNativeTarget section */
		C7A5D2B81D8BC4340079F964 /* uiWebviewTest */ = {
			isa = PBXNativeTarget;
			buildConfigurationList = C7A5D2E11D8BC4340079F964 /* Build configuration list for PBXNativeTarget "uiWebviewTest" */;
			buildPhases = (
				C7A5D2B51D8BC4340079F964 /* Sources */,
				C7A5D2B61D8BC4340079F964 /* Frameworks */,
				C7A5D2B71D8BC4340079F964 /* Resources */,
			);
			buildRules = (
			);
			dependencies = (
			);
			name = uiWebviewTest;
			productName = uiWebviewTest;
			productReference = C7A5D2B91D8BC4340079F964 /* uiWebviewTest.app */;
			productType = "com.apple.product-type.application";
		};
		C7A5D2CC1D8BC4340079F964 /* uiWebviewTestTests */ = {
			isa = PBXNativeTarget;
			buildConfigurationList = C7A5D2E41D8BC4340079F964 /* Build configuration list for PBXNativeTarget "uiWebviewTestTests" */;
			buildPhases = (
				C7A5D2C91D8BC4340079F964 /* Sources */,
				C7A5D2CA1D8BC4340079F964 /* Frameworks */,
				C7A5D2CB1D8BC4340079F964 /* Resources */,
			);
			buildRules = (
			);
			dependencies = (
				C7A5D2CF1D8BC4340079F964 /* PBXTargetDependency */,
			);
			name = uiWebviewTestTests;
			productName = uiWebviewTestTests;
			productReference = C7A5D2CD1D8BC4340079F964 /* uiWebviewTestTests.xctest */;
			productType = "com.apple.product-type.bundle.unit-test";
		};
		C7A5D2D71D8BC4340079F964 /* uiWebviewTestUITests */ = {
			isa = PBXNativeTarget;
			buildConfigurationList = C7A5D2E71D8BC4340079F964 /* Build configuration list for PBXNativeTarget "uiWebviewTestUITests" */;
			buildPhases = (
				C7A5D2D41D8BC4340079F964 /* Sources */,
				C7A5D2D51D8BC4340079F964 /* Frameworks */,
				C7A5D2D61D8BC4340079F964 /* Resources */,
			);
			buildRules = (
			);
			dependencies = (
				C7A5D2DA1D8BC4340079F964 /* PBXTargetDependency */,
			);
			name = uiWebviewTestUITests;
			productName = uiWebviewTestUITests;
			productReference = C7A5D2D81D8BC4340079F964 /* uiWebviewTestUITests.xctest */;
			productType = "com.apple.product-type.bundle.ui-testing";
		};
/* End PBXNativeTarget section */

/* Begin PBXProject section */
		C7A5D2B11D8BC4340079F964 /* Project object */ = {
			isa = PBXProject;
			attributes = {
				LastSwiftUpdateCheck = 0730;
				LastUpgradeCheck = 0730;
				ORGANIZATIONNAME = maru.ishi;
				TargetAttributes = {
					C7A5D2B81D8BC4340079F964 = {
						CreatedOnToolsVersion = 7.3.1;
						DevelopmentTeam = NA73FA2B9S;
					};
					C7A5D2CC1D8BC4340079F964 = {
						CreatedOnToolsVersion = 7.3.1;
						TestTargetID = C7A5D2B81D8BC4340079F964;
					};
					C7A5D2D71D8BC4340079F964 = {
						CreatedOnToolsVersion = 7.3.1;
						TestTargetID = C7A5D2B81D8BC4340079F964;
					};
				};
			};
			buildConfigurationList = C7A5D2B41D8BC4340079F964 /* Build configuration list for PBXProject "uiWebviewTest" */;
			compatibilityVersion = "Xcode 3.2";
			developmentRegion = English;
			hasScannedForEncodings = 0;
			knownRegions = (
				en,
				Base,
			);
			mainGroup = C7A5D2B01D8BC4340079F964;
			productRefGroup = C7A5D2BA1D8BC4340079F964 /* Products */;
			projectDirPath = "";
			projectRoot = "";
			targets = (
				C7A5D2B81D8BC4340079F964 /* uiWebviewTest */,
				C7A5D2CC1D8BC4340079F964 /* uiWebviewTestTests */,
				C7A5D2D71D8BC4340079F964 /* uiWebviewTestUITests */,
			);
		};
/* End PBXProject section */

/* Begin PBXResourcesBuildPhase section */
		C7A5D2B71D8BC4340079F964 /* Resources */ = {
			isa = PBXResourcesBuildPhase;
			buildActionMask = 2147483647;
			files = (
				C7A5D2C71D8BC4340079F964 /* LaunchScreen.storyboard in Resources */,
				C7A5D2C41D8BC4340079F964 /* Assets.xcassets in Resources */,
				C7A5D2C21D8BC4340079F964 /* Main.storyboard in Resources */,
			);
			runOnlyForDeploymentPostprocessing = 0;
		};
		C7A5D2CB1D8BC4340079F964 /* Resources */ = {
			isa = PBXResourcesBuildPhase;
			buildActionMask = 2147483647;
			files = (
			);
			runOnlyForDeploymentPostprocessing = 0;
		};
		C7A5D2D61D8BC4340079F964 /* Resources */ = {
			isa = PBXResourcesBuildPhase;
			buildActionMask = 2147483647;
			files = (
			);
			runOnlyForDeploymentPostprocessing = 0;
		};
/* End PBXResourcesBuildPhase section */

/* Begin PBXSourcesBuildPhase section */
		C7A5D2B51D8BC4340079F964 /* Sources */ = {
			isa = PBXSourcesBuildPhase;
			buildActionMask = 2147483647;
			files = (
				C7A5D2BF1D8BC4340079F964 /* ViewController.swift in Sources */,
				C7A5D2BD1D8BC4340079F964 /* AppDelegate.swift in Sources */,
			);
			runOnlyForDeploymentPostprocessing = 0;
		};
		C7A5D2C91D8BC4340079F964 /* Sources */ = {
			isa = PBXSourcesBuildPhase;
			buildActionMask = 2147483647;
			files = (
				C7A5D2D21D8BC4340079F964 /* uiWebviewTestTests.swift in Sources */,
			);
			runOnlyForDeploymentPostprocessing = 0;
		};
		C7A5D2D41D8BC4340079F964 /* Sources */ = {
			isa = PBXSourcesBuildPhase;
			buildActionMask = 2147483647;
			files = (
				C7A5D2DD1D8BC4340079F964 /* uiWebviewTestUITests.swift in Sources */,
			);
			runOnlyForDeploymentPostprocessing = 0;
		};
/* End PBXSourcesBuildPhase section */

/* Begin PBXTargetDependency section */
		C7A5D2CF1D8BC4340079F964 /* PBXTargetDependency */ = {
			isa = PBXTargetDependency;
			target = C7A5D2B81D8BC4340079F964 /* uiWebviewTest */;
			targetProxy = C7A5D2CE1D8BC4340079F964 /* PBXContainerItemProxy */;
		};
		C7A5D2DA1D8BC4340079F964 /* PBXTargetDependency */ = {
			isa = PBXTargetDependency;
			target = C7A5D2B81D8BC4340079F964 /* uiWebviewTest */;
			targetProxy = C7A5D2D91D8BC4340079F964 /* PBXContainerItemProxy */;
		};
/* End PBXTargetDependency section */

/* Begin PBXVariantGroup section */
		C7A5D2C01D8BC4340079F964 /* Main.storyboard */ = {
			isa = PBXVariantGroup;
			children = (
				C7A5D2C11D8BC4340079F964 /* Base */,
			);
			name = Main.storyboard;
			sourceTree = "<group>";
		};
		C7A5D2C51D8BC4340079F964 /* LaunchScreen.storyboard */ = {
			isa = PBXVariantGroup;
			children = (
				C7A5D2C61D8BC4340079F964 /* Base */,
			);
			name = LaunchScreen.storyboard;
			sourceTree = "<group>";
		};
/* End PBXVariantGroup section */

/* Begin XCBuildConfiguration section */
		C7A5D2DF1D8BC4340079F964 /* Debug */ = {
			isa = XCBuildConfiguration;
			buildSettings = {
				ALWAYS_SEARCH_USER_PATHS = NO;
				CLANG_ANALYZER_NONNULL = YES;
				CLANG_CXX_LANGUAGE_STANDARD = "gnu++0x";
				CLANG_CXX_LIBRARY = "libc++";
				CLANG_ENABLE_MODULES = YES;
				CLANG_ENABLE_OBJC_ARC = YES;
				CLANG_WARN_BOOL_CONVERSION = YES;
				CLANG_WARN_CONSTANT_CONVERSION = YES;
				CLANG_WARN_DIRECT_OBJC_ISA_USAGE = YES_ERROR;
				CLANG_WARN_EMPTY_BODY = YES;
				CLANG_WARN_ENUM_CONVERSION = YES;
				CLANG_WARN_INT_CONVERSION = YES;
				CLANG_WARN_OBJC_ROOT_CLASS = YES_ERROR;
				CLANG_WARN_UNREACHABLE_CODE = YES;
				CLANG_WARN__DUPLICATE_METHOD_MATCH = YES;
				"CODE_SIGN_IDENTITY[sdk=iphoneos*]" = "iPhone Developer";
				COPY_PHASE_STRIP = NO;
				DEBUG_INFORMATION_FORMAT = dwarf;
				ENABLE_STRICT_OBJC_MSGSEND = YES;
				ENABLE_TESTABILITY = YES;
				GCC_C_LANGUAGE_STANDARD = gnu99;
				GCC_DYNAMIC_NO_PIC = NO;
				GCC_NO_COMMON_BLOCKS = YES;
				GCC_OPTIMIZATION_LEVEL = 0;
				GCC_PREPROCESSOR_DEFINITIONS = (
					"DEBUG=1",
					"$(inherited)",
				);
				GCC_WARN_64_TO_32_BIT_CONVERSION = YES;
				GCC_WARN_ABOUT_RETURN_TYPE = YES_ERROR;
				GCC_WARN_UNDECLARED_SELECTOR = YES;
				GCC_WARN_UNINITIALIZED_AUTOS = YES_AGGRESSIVE;
				GCC_WARN_UNUSED_FUNCTION = YES;
				GCC_WARN_UNUSED_VARIABLE = YES;
				IPHONEOS_DEPLOYMENT_TARGET = 9.3;
				MTL_ENABLE_DEBUG_INFO = YES;
				ONLY_ACTIVE_ARCH = YES;
				SDKROOT = iphoneos;
				SWIFT_OPTIMIZATION_LEVEL = "-Onone";
				TARGETED_DEVICE_FAMILY = 2;
			};
			name = Debug;
		};
		C7A5D2E01D8BC4340079F964 /* Release */ = {
			isa = XCBuildConfiguration;
			buildSettings = {
				ALWAYS_SEARCH_USER_PATHS = NO;
				CLANG_ANALYZER_NONNULL = YES;
				CLANG_CXX_LANGUAGE_STANDARD = "gnu++0x";
				CLANG_CXX_LIBRARY = "libc++";
				CLANG_ENABLE_MODULES = YES;
				CLANG_ENABLE_OBJC_ARC = YES;
				CLANG_WARN_BOOL_CONVERSION = YES;
				CLANG_WARN_CONSTANT_CONVERSION = YES;
				CLANG_WARN_DIRECT_OBJC_ISA_USAGE = YES_ERROR;
				CLANG_WARN_EMPTY_BODY = YES;
				CLANG_WARN_ENUM_CONVERSION = YES;
				CLANG_WARN_INT_CONVERSION = YES;
				CLANG_WARN_OBJC_ROOT_CLASS = YES_ERROR;
				CLANG_WARN_UNREACHABLE_CODE = YES;
				CLANG_WARN__DUPLICATE_METHOD_MATCH = YES;
				"CODE_SIGN_IDENTITY[sdk=iphoneos*]" = "iPhone Developer";
				COPY_PHASE_STRIP = NO;
				DEBUG_INFORMATION_FORMAT = "dwarf-with-dsym";
				ENABLE_NS_ASSERTIONS = NO;
				ENABLE_STRICT_OBJC_MSGSEND = YES;
				GCC_C_LANGUAGE_STANDARD = gnu99;
				GCC_NO_COMMON_BLOCKS = YES;
				GCC_WARN_64_TO_32_BIT_CONVERSION = YES;
				GCC_WARN_ABOUT_RETURN_TYPE = YES_ERROR;
				GCC_WARN_UNDECLARED_SELECTOR = YES;
				GCC_WARN_UNINITIALIZED_AUTOS = YES_AGGRESSIVE;
				GCC_WARN_UNUSED_FUNCTION = YES;
				GCC_WARN_UNUSED_VARIABLE = YES;
				IPHONEOS_DEPLOYMENT_TARGET = 9.3;
				MTL_ENABLE_DEBUG_INFO = NO;
				SDKROOT = iphoneos;
				TARGETED_DEVICE_FAMILY = 2;
				VALIDATE_PRODUCT = YES;
			};
			name = Release;
		};
		C7A5D2E21D8BC4340079F964 /* Debug */ = {
			isa = XCBuildConfiguration;
			buildSettings = {
				ASSETCATALOG_COMPILER_APPICON_NAME = AppIcon;
				CODE_SIGN_IDENTITY = "iPhone Developer";
				"CODE_SIGN_IDENTITY[sdk=iphoneos*]" = "iPhone Developer";
				INFOPLIST_FILE = uiWebviewTest/Info.plist;
				LD_RUNPATH_SEARCH_PATHS = "$(inherited) @executable_path/Frameworks";
				PRODUCT_BUNDLE_IDENTIFIER = jp.maru.ishi.uiWebviewTest;
				PRODUCT_NAME = "$(TARGET_NAME)";
				PROVISIONING_PROFILE = "";
			};
			name = Debug;
		};
		C7A5D2E31D8BC4340079F964 /* Release */ = {
			isa = XCBuildConfiguration;
			buildSettings = {
				ASSETCATALOG_COMPILER_APPICON_NAME = AppIcon;
				CODE_SIGN_IDENTITY = "iPhone Developer";
				"CODE_SIGN_IDENTITY[sdk=iphoneos*]" = "iPhone Developer";
				INFOPLIST_FILE = uiWebviewTest/Info.plist;
				LD_RUNPATH_SEARCH_PATHS = "$(inherited) @executable_path/Frameworks";
				PRODUCT_BUNDLE_IDENTIFIER = jp.maru.ishi.uiWebviewTest;
				PRODUCT_NAME = "$(TARGET_NAME)";
				PROVISIONING_PROFILE = "";
			};
			name = Release;
		};
		C7A5D2E51D8BC4340079F964 /* Debug */ = {
			isa = XCBuildConfiguration;
			buildSettings = {
				BUNDLE_LOADER = "$(TEST_HOST)";
				INFOPLIST_FILE = uiWebviewTestTests/Info.plist;
				LD_RUNPATH_SEARCH_PATHS = "$(inherited) @executable_path/Frameworks @loader_path/Frameworks";
				PRODUCT_BUNDLE_IDENTIFIER = jp.maru.ishi.uiWebviewTestTests;
				PRODUCT_NAME = "$(TARGET_NAME)";
				TEST_HOST = "$(BUILT_PRODUCTS_DIR)/uiWebviewTest.app/uiWebviewTest";
			};
			name = Debug;
		};
		C7A5D2E61D8BC4340079F964 /* Release */ = {
			isa = XCBuildConfiguration;
			buildSettings = {
				BUNDLE_LOADER = "$(TEST_HOST)";
				INFOPLIST_FILE = uiWebviewTestTests/Info.plist;
				LD_RUNPATH_SEARCH_PATHS = "$(inherited) @executable_path/Frameworks @loader_path/Frameworks";
				PRODUCT_BUNDLE_IDENTIFIER = jp.maru.ishi.uiWebviewTestTests;
				PRODUCT_NAME = "$(TARGET_NAME)";
				TEST_HOST = "$(BUILT_PRODUCTS_DIR)/uiWebviewTest.app/uiWebviewTest";
			};
			name = Release;
		};
		C7A5D2E81D8BC4340079F964 /* Debug */ = {
			isa = XCBuildConfiguration;
			buildSettings = {
				INFOPLIST_FILE = uiWebviewTestUITests/Info.plist;
				LD_RUNPATH_SEARCH_PATHS = "$(inherited) @executable_path/Frameworks @loader_path/Frameworks";
				PRODUCT_BUNDLE_IDENTIFIER = jp.maru.ishi.uiWebviewTestUITests;
				PRODUCT_NAME = "$(TARGET_NAME)";
				TEST_TARGET_NAME = uiWebviewTest;
			};
			name = Debug;
		};
		C7A5D2E91D8BC4340079F964 /* Release */ = {
			isa = XCBuildConfiguration;
			buildSettings = {
				INFOPLIST_FILE = uiWebviewTestUITests/Info.plist;
				LD_RUNPATH_SEARCH_PATHS = "$(inherited) @executable_path/Frameworks @loader_path/Frameworks";
				PRODUCT_BUNDLE_IDENTIFIER = jp.maru.ishi.uiWebviewTestUITests;
				PRODUCT_NAME = "$(TARGET_NAME)";
				TEST_TARGET_NAME = uiWebviewTest;
			};
			name = Release;
		};
/* End XCBuildConfiguration section */

/* Begin XCConfigurationList section */
		C7A5D2B41D8BC4340079F964 /* Build configuration list for PBXProject "uiWebviewTest" */ = {
			isa = XCConfigurationList;
			buildConfigurations = (
				C7A5D2DF1D8BC4340079F964 /* Debug */,
				C7A5D2E01D8BC4340079F964 /* Release */,
			);
			defaultConfigurationIsVisible = 0;
			defaultConfigurationName = Release;
		};
		C7A5D2E11D8BC4340079F964 /* Build configuration list for PBXNativeTarget "uiWebviewTest" */ = {
			isa = XCConfigurationList;
			buildConfigurations = (
				C7A5D2E21D8BC4340079F964 /* Debug */,
				C7A5D2E31D8BC4340079F964 /* Release */,
			);
			defaultConfigurationIsVisible = 0;
			defaultConfigurationName = Release;
		};
		C7A5D2E41D8BC4340079F964 /* Build configuration list for PBXNativeTarget "uiWebviewTestTests" */ = {
			isa = XCConfigurationList;
			buildConfigurations = (
				C7A5D2E51D8BC4340079F964 /* Debug */,
				C7A5D2E61D8BC4340079F964 /* Release */,
			);
			defaultConfigurationIsVisible = 0;
			defaultConfigurationName = Release;
		};
		C7A5D2E71D8BC4340079F964 /* Build configuration list for PBXNativeTarget "uiWebviewTestUITests" */ = {
			isa = XCConfigurationList;
			buildConfigurations = (
				C7A5D2E81D8BC4340079F964 /* Debug */,
				C7A5D2E91D8BC4340079F964 /* Release */,
			);
			defaultConfigurationIsVisible = 0;
			defaultConfigurationName = Release;
		};
/* End XCConfigurationList section */
	};
	rootObject = C7A5D2B11D8BC4340079F964 /* Project object */;
}
